
Microsoft Visual Studio Solution File, Format Version 12.00
# Visual Studio Version 17
VisualStudioVersion = 17.9.34714.143
MinimumVisualStudioVersion = 10.0.40219.1
Project("{FAE04EC0-301F-11D3-BF4B-00C04F79EFBC}") = "CapaEntidades", "CapaEntidades\CapaEntidades.csproj", "{69002369-3281-48E0-BA23-675BC609A598}"
EndProject
Project("{FAE04EC0-301F-11D3-BF4B-00C04F79EFBC}") = "CapaLogicaNegocio", "CapaLogicaNegocio\CapaLogicaNegocio.csproj", "{844E15D7-3060-41B7-80F7-9654D133BA2F}"
EndProject
Project("{FAE04EC0-301F-11D3-BF4B-00C04F79EFBC}") = "CapaAccesoDatos", "CapaAccesoDatos\CapaAccesoDatos.csproj", "{CF8E9801-7CE4-4F1B-835B-787D62FAEBCA}"
EndProject
Project("{FAE04EC0-301F-11D3-BF4B-00C04F79EFBC}") = "CapaPresentacion", "CapaPresentacion\CapaPresentacion.csproj", "{01BBA76D-903C-4882-92E2-70E7557513CA}"
EndProject
Global
	GlobalSection(SolutionConfigurationPlatforms) = preSolution
		Debug|Any CPU = Debug|Any CPU
		Release|Any CPU = Release|Any CPU
	EndGlobalSection
	GlobalSection(ProjectConfigurationPlatforms) = postSolution
		{69002369-3281-48E0-BA23-675BC609A598}.Debug|Any CPU.ActiveCfg = Debug|Any CPU
		{69002369-3281-48E0-BA23-675BC609A598}.Debug|Any CPU.Build.0 = Debug|Any CPU
		{69002369-3281-48E0-BA23-675BC609A598}.Release|Any CPU.ActiveCfg = Release|Any CPU
		{69002369-3281-48E0-BA23-675BC609A598}.Release|Any CPU.Build.0 = Release|Any CPU
		{844E15D7-3060-41B7-80F7-9654D133BA2F}.Debug|Any CPU.ActiveCfg = Debug|Any CPU
		{844E15D7-3060-41B7-80F7-9654D133BA2F}.Debug|Any CPU.Build.0 = Debug|Any CPU
		{844E15D7-3060-41B7-80F7-9654D133BA2F}.Release|Any CPU.ActiveCfg = Release|Any CPU
		{844E15D7-3060-41B7-80F7-9654D133BA2F}.Release|Any CPU.Build.0 = Release|Any CPU
		{CF8E9801-7CE4-4F1B-835B-787D62FAEBCA}.Debug|Any CPU.ActiveCfg = Debug|Any CPU
		{CF8E9801-7CE4-4F1B-835B-787D62FAEBCA}.Debug|Any CPU.Build.0 = Debug|Any CPU
		{CF8E9801-7CE4-4F1B-835B-787D62FAEBCA}.Release|Any CPU.ActiveCfg = Release|Any CPU
		{CF8E9801-7CE4-4F1B-835B-787D62FAEBCA}.Release|Any CPU.Build.0 = Release|Any CPU
		{01BBA76D-903C-4882-92E2-70E7557513CA}.Debug|Any CPU.ActiveCfg = Debug|Any CPU
		{01BBA76D-903C-4882-92E2-70E7557513CA}.Debug|Any CPU.Build.0 = Debug|Any CPU
		{01BBA76D-903C-4882-92E2-70E7557513CA}.Release|Any CPU.ActiveCfg = Release|Any CPU
		{01BBA76D-903C-4882-92E2-70E7557513CA}.Release|Any CPU.Build.0 = Release|Any CPU
	EndGlobalSection
	GlobalSection(SolutionProperties) = preSolution
		HideSolutionNode = FALSE
	EndGlobalSection
	GlobalSection(ExtensibilityGlobals) = postSolution
		SolutionGuid = {84D2845A-C9FE-4F5B-A691-1C5FA2090FAF}
	EndGlobalSection
EndGlobal
